
Microsoft Visual Studio Solution File, Format Version 12.00
# Visual Studio 15
VisualStudioVersion = 15.0.28307.705
MinimumVisualStudioVersion = 10.0.40219.1
Project("{9A19103F-16F7-4668-BE54-9A1E7A4F7556}") = "ParseTask2", "ParseTask2\ParseTask2.csproj", "{1AF69083-61FF-4A65-BA48-81E8C6F715C2}"
EndProject
Project("{FAE04EC0-301F-11D3-BF4B-00C04F79EFBC}") = "StarWarsAPI", "..\StarWarsAPI\StarWarsAPI.csproj", "{EDE35826-385A-4A65-9B23-CA13520BE543}"
EndProject
Global
	GlobalSection(SolutionConfigurationPlatforms) = preSolution
		Debug|Any CPU = Debug|Any CPU
		Release|Any CPU = Release|Any CPU
	EndGlobalSection
	GlobalSection(ProjectConfigurationPlatforms) = postSolution
		{1AF69083-61FF-4A65-BA48-81E8C6F715C2}.Debug|Any CPU.ActiveCfg = Debug|Any CPU
		{1AF69083-61FF-4A65-BA48-81E8C6F715C2}.Debug|Any CPU.Build.0 = Debug|Any CPU
		{1AF69083-61FF-4A65-BA48-81E8C6F715C2}.Release|Any CPU.ActiveCfg = Release|Any CPU
		{1AF69083-61FF-4A65-BA48-81E8C6F715C2}.Release|Any CPU.Build.0 = Release|Any CPU
		{EDE35826-385A-4A65-9B23-CA13520BE543}.Debug|Any CPU.ActiveCfg = Debug|Any CPU
		{EDE35826-385A-4A65-9B23-CA13520BE543}.Debug|Any CPU.Build.0 = Debug|Any CPU
		{EDE35826-385A-4A65-9B23-CA13520BE543}.Release|Any CPU.ActiveCfg = Release|Any CPU
		{EDE35826-385A-4A65-9B23-CA13520BE543}.Release|Any CPU.Build.0 = Release|Any CPU
	EndGlobalSection
	GlobalSection(SolutionProperties) = preSolution
		HideSolutionNode = FALSE
	EndGlobalSection
	GlobalSection(ExtensibilityGlobals) = postSolution
		SolutionGuid = {D1B183F6-D942-4EBB-A847-42DCC76311FF}
	EndGlobalSection
EndGlobal
